
Microsoft Visual Studio Solution File, Format Version 12.00
# Visual Studio Version 16
VisualStudioVersion = 16.0.32407.337
MinimumVisualStudioVersion = 10.0.40219.1
Project("{8BC9CEB8-8B4A-11D0-8D11-00A0C91BC942}") = "ALL_BUILD", "ALL_BUILD.vcxproj", "{D3ED2713-E36F-331E-A6CF-E76E82421ECB}"
	ProjectSection(ProjectDependencies) = postProject
		{DA5A68D3-A2E8-3B5B-9110-15C48096B994} = {DA5A68D3-A2E8-3B5B-9110-15C48096B994}
		{2A48CB8D-BA3F-30E6-BB2D-8A322C343CD5} = {2A48CB8D-BA3F-30E6-BB2D-8A322C343CD5}
		{BCBFE0BC-6316-3E64-8DFE-74E6ADA7A8E0} = {BCBFE0BC-6316-3E64-8DFE-74E6ADA7A8E0}
		{63A6DD28-9057-356F-9ECF-98944115C0F6} = {63A6DD28-9057-356F-9ECF-98944115C0F6}
	EndProjectSection
EndProject
Project("{8BC9CEB8-8B4A-11D0-8D11-00A0C91BC942}") = "INSTALL", "INSTALL.vcxproj", "{F98CBC89-A8FB-3966-BF21-09EE96F9B208}"
	ProjectSection(ProjectDependencies) = postProject
		{D3ED2713-E36F-331E-A6CF-E76E82421ECB} = {D3ED2713-E36F-331E-A6CF-E76E82421ECB}
		{DA5A68D3-A2E8-3B5B-9110-15C48096B994} = {DA5A68D3-A2E8-3B5B-9110-15C48096B994}
	EndProjectSection
EndProject
Project("{8BC9CEB8-8B4A-11D0-8D11-00A0C91BC942}") = "ZERO_CHECK", "ZERO_CHECK.vcxproj", "{DA5A68D3-A2E8-3B5B-9110-15C48096B994}"
EndProject
Project("{8BC9CEB8-8B4A-11D0-8D11-00A0C91BC942}") = "dark", "dark.vcxproj", "{2A48CB8D-BA3F-30E6-BB2D-8A322C343CD5}"
	ProjectSection(ProjectDependencies) = postProject
		{DA5A68D3-A2E8-3B5B-9110-15C48096B994} = {DA5A68D3-A2E8-3B5B-9110-15C48096B994}
	EndProjectSection
EndProject
Project("{8BC9CEB8-8B4A-11D0-8D11-00A0C91BC942}") = "darknet", "darknet.vcxproj", "{BCBFE0BC-6316-3E64-8DFE-74E6ADA7A8E0}"
	ProjectSection(ProjectDependencies) = postProject
		{DA5A68D3-A2E8-3B5B-9110-15C48096B994} = {DA5A68D3-A2E8-3B5B-9110-15C48096B994}
	EndProjectSection
EndProject
Project("{8BC9CEB8-8B4A-11D0-8D11-00A0C91BC942}") = "uselib", "uselib.vcxproj", "{63A6DD28-9057-356F-9ECF-98944115C0F6}"
	ProjectSection(ProjectDependencies) = postProject
		{DA5A68D3-A2E8-3B5B-9110-15C48096B994} = {DA5A68D3-A2E8-3B5B-9110-15C48096B994}
		{2A48CB8D-BA3F-30E6-BB2D-8A322C343CD5} = {2A48CB8D-BA3F-30E6-BB2D-8A322C343CD5}
	EndProjectSection
EndProject
Global
	GlobalSection(SolutionConfigurationPlatforms) = preSolution
		Debug|x64 = Debug|x64
		MinSizeRel|x64 = MinSizeRel|x64
		Release|x64 = Release|x64
		RelWithDebInfo|x64 = RelWithDebInfo|x64
	EndGlobalSection
	GlobalSection(ProjectConfigurationPlatforms) = postSolution
		{D3ED2713-E36F-331E-A6CF-E76E82421ECB}.Debug|x64.ActiveCfg = Debug|x64
		{D3ED2713-E36F-331E-A6CF-E76E82421ECB}.Debug|x64.Build.0 = Debug|x64
		{D3ED2713-E36F-331E-A6CF-E76E82421ECB}.MinSizeRel|x64.ActiveCfg = MinSizeRel|x64
		{D3ED2713-E36F-331E-A6CF-E76E82421ECB}.MinSizeRel|x64.Build.0 = MinSizeRel|x64
		{D3ED2713-E36F-331E-A6CF-E76E82421ECB}.Release|x64.ActiveCfg = Release|x64
		{D3ED2713-E36F-331E-A6CF-E76E82421ECB}.Release|x64.Build.0 = Release|x64
		{D3ED2713-E36F-331E-A6CF-E76E82421ECB}.RelWithDebInfo|x64.ActiveCfg = RelWithDebInfo|x64
		{D3ED2713-E36F-331E-A6CF-E76E82421ECB}.RelWithDebInfo|x64.Build.0 = RelWithDebInfo|x64
		{F98CBC89-A8FB-3966-BF21-09EE96F9B208}.Debug|x64.ActiveCfg = Debug|x64
		{F98CBC89-A8FB-3966-BF21-09EE96F9B208}.MinSizeRel|x64.ActiveCfg = MinSizeRel|x64
		{F98CBC89-A8FB-3966-BF21-09EE96F9B208}.Release|x64.ActiveCfg = Release|x64
		{F98CBC89-A8FB-3966-BF21-09EE96F9B208}.Release|x64.Build.0 = Release|x64
		{F98CBC89-A8FB-3966-BF21-09EE96F9B208}.RelWithDebInfo|x64.ActiveCfg = RelWithDebInfo|x64
		{DA5A68D3-A2E8-3B5B-9110-15C48096B994}.Debug|x64.ActiveCfg = Debug|x64
		{DA5A68D3-A2E8-3B5B-9110-15C48096B994}.Debug|x64.Build.0 = Debug|x64
		{DA5A68D3-A2E8-3B5B-9110-15C48096B994}.MinSizeRel|x64.ActiveCfg = MinSizeRel|x64
		{DA5A68D3-A2E8-3B5B-9110-15C48096B994}.MinSizeRel|x64.Build.0 = MinSizeRel|x64
		{DA5A68D3-A2E8-3B5B-9110-15C48096B994}.Release|x64.ActiveCfg = Release|x64
		{DA5A68D3-A2E8-3B5B-9110-15C48096B994}.Release|x64.Build.0 = Release|x64
		{DA5A68D3-A2E8-3B5B-9110-15C48096B994}.RelWithDebInfo|x64.ActiveCfg = RelWithDebInfo|x64
		{DA5A68D3-A2E8-3B5B-9110-15C48096B994}.RelWithDebInfo|x64.Build.0 = RelWithDebInfo|x64
		{2A48CB8D-BA3F-30E6-BB2D-8A322C343CD5}.Debug|x64.ActiveCfg = Debug|x64
		{2A48CB8D-BA3F-30E6-BB2D-8A322C343CD5}.Debug|x64.Build.0 = Debug|x64
		{2A48CB8D-BA3F-30E6-BB2D-8A322C343CD5}.MinSizeRel|x64.ActiveCfg = MinSizeRel|x64
		{2A48CB8D-BA3F-30E6-BB2D-8A322C343CD5}.MinSizeRel|x64.Build.0 = MinSizeRel|x64
		{2A48CB8D-BA3F-30E6-BB2D-8A322C343CD5}.Release|x64.ActiveCfg = Release|x64
		{2A48CB8D-BA3F-30E6-BB2D-8A322C343CD5}.Release|x64.Build.0 = Release|x64
		{2A48CB8D-BA3F-30E6-BB2D-8A322C343CD5}.RelWithDebInfo|x64.ActiveCfg = RelWithDebInfo|x64
		{2A48CB8D-BA3F-30E6-BB2D-8A322C343CD5}.RelWithDebInfo|x64.Build.0 = RelWithDebInfo|x64
		{BCBFE0BC-6316-3E64-8DFE-74E6ADA7A8E0}.Debug|x64.ActiveCfg = Debug|x64
		{BCBFE0BC-6316-3E64-8DFE-74E6ADA7A8E0}.Debug|x64.Build.0 = Debug|x64
		{BCBFE0BC-6316-3E64-8DFE-74E6ADA7A8E0}.MinSizeRel|x64.ActiveCfg = MinSizeRel|x64
		{BCBFE0BC-6316-3E64-8DFE-74E6ADA7A8E0}.MinSizeRel|x64.Build.0 = MinSizeRel|x64
		{BCBFE0BC-6316-3E64-8DFE-74E6ADA7A8E0}.Release|x64.ActiveCfg = Release|x64
		{BCBFE0BC-6316-3E64-8DFE-74E6ADA7A8E0}.Release|x64.Build.0 = Release|x64
		{BCBFE0BC-6316-3E64-8DFE-74E6ADA7A8E0}.RelWithDebInfo|x64.ActiveCfg = RelWithDebInfo|x64
		{BCBFE0BC-6316-3E64-8DFE-74E6ADA7A8E0}.RelWithDebInfo|x64.Build.0 = RelWithDebInfo|x64
		{63A6DD28-9057-356F-9ECF-98944115C0F6}.Debug|x64.ActiveCfg = Debug|x64
		{63A6DD28-9057-356F-9ECF-98944115C0F6}.Debug|x64.Build.0 = Debug|x64
		{63A6DD28-9057-356F-9ECF-98944115C0F6}.MinSizeRel|x64.ActiveCfg = MinSizeRel|x64
		{63A6DD28-9057-356F-9ECF-98944115C0F6}.MinSizeRel|x64.Build.0 = MinSizeRel|x64
		{63A6DD28-9057-356F-9ECF-98944115C0F6}.Release|x64.ActiveCfg = Release|x64
		{63A6DD28-9057-356F-9ECF-98944115C0F6}.Release|x64.Build.0 = Release|x64
		{63A6DD28-9057-356F-9ECF-98944115C0F6}.RelWithDebInfo|x64.ActiveCfg = RelWithDebInfo|x64
		{63A6DD28-9057-356F-9ECF-98944115C0F6}.RelWithDebInfo|x64.Build.0 = RelWithDebInfo|x64
	EndGlobalSection
	GlobalSection(SolutionProperties) = preSolution
		HideSolutionNode = FALSE
	EndGlobalSection
	GlobalSection(ExtensibilityGlobals) = postSolution
		SolutionGuid = {B58E3443-82EB-3AA2-810D-606E90420569}
	EndGlobalSection
EndGlobal
